
Microsoft Visual Studio Solution File, Format Version 12.00
# Visual Studio Version 17
VisualStudioVersion = 17.9.34728.123
MinimumVisualStudioVersion = 10.0.40219.1
Project("{9A19103F-16F7-4668-BE54-9A1E7A4F7556}") = "ParcelPortal", "ParcelPortal\ParcelPortal.csproj", "{27CA25AE-8AEC-4293-AD1D-5AA276A6EF49}"
EndProject
Global
	GlobalSection(SolutionConfigurationPlatforms) = preSolution
		Debug|Any CPU = Debug|Any CPU
		Release|Any CPU = Release|Any CPU
	EndGlobalSection
	GlobalSection(ProjectConfigurationPlatforms) = postSolution
		{27CA25AE-8AEC-4293-AD1D-5AA276A6EF49}.Debug|Any CPU.ActiveCfg = Debug|Any CPU
		{27CA25AE-8AEC-4293-AD1D-5AA276A6EF49}.Debug|Any CPU.Build.0 = Debug|Any CPU
		{27CA25AE-8AEC-4293-AD1D-5AA276A6EF49}.Release|Any CPU.ActiveCfg = Release|Any CPU
		{27CA25AE-8AEC-4293-AD1D-5AA276A6EF49}.Release|Any CPU.Build.0 = Release|Any CPU
	EndGlobalSection
	GlobalSection(SolutionProperties) = preSolution
		HideSolutionNode = FALSE
	EndGlobalSection
	GlobalSection(ExtensibilityGlobals) = postSolution
		SolutionGuid = {CA199EF6-5103-4B82-B05C-AE054ED1D426}
	EndGlobalSection
EndGlobal
